PODS:
  - custom_ping (0.0.1):
    - Flutter
  - Flutter (1.0.0)

DEPENDENCIES:
  - custom_ping (from `.symlinks/plugins/custom_ping/ios`)
  - Flutter (from `Flutter`)

EXTERNAL SOURCES:
  custom_ping:
    :path: ".symlinks/plugins/custom_ping/ios"
  Flutter:
    :path: Flutter

SPEC CHECKSUMS:
  custom_ping: 5164a8f858b3bf59684eecef6e9c9d9bd6ee9bd3
  Flutter: 434fef37c0980e73bb6479ef766c45957d4b510c

PODFILE CHECKSUM: aafe91acc616949ddb318b77800a7f51bffa2a4c

COCOAPODS: 1.10.1
